
Microsoft Visual Studio Solution File, Format Version 12.00
# Visual Studio Version 17
VisualStudioVersion = 17.5.33530.505
MinimumVisualStudioVersion = 10.0.40219.1
Project("{2150E333-8FDC-42A3-9474-1A3956D46DE8}") = "Solution Items", "Solution Items", "{7DE27412-FC8C-4D94-BC33-60EC6A4370A3}"
	ProjectSection(SolutionItems) = preProject
		README.md = README.md
	EndProjectSection
EndProject
Project("{FAE04EC0-301F-11D3-BF4B-00C04F79EFBC}") = "NetFwStorageAccountWebMvc", "NetFwStorageAccountWebMvc\NetFwStorageAccountWebMvc.csproj", "{33D0D8D6-030A-4611-B361-1AA78BAD7B78}"
EndProject
Project("{9A19103F-16F7-4668-BE54-9A1E7A4F7556}") = "NetStorageAccountConsole", "NetStorageAccountConsole\NetStorageAccountConsole.csproj", "{3B7127BA-B432-493C-9CB3-34918CC0DCF7}"
EndProject
Project("{9A19103F-16F7-4668-BE54-9A1E7A4F7556}") = "NetStorageAccountWebMvc", "NetStorageAccountWebMvc\NetStorageAccountWebMvc.csproj", "{94617349-C3D2-4185-A497-E7F38D8AC25F}"
EndProject
Project("{FAE04EC0-301F-11D3-BF4B-00C04F79EFBC}") = "NetFwStorageAccountConsole", "NetFwStorageAccountConsole\NetFwStorageAccountConsole.csproj", "{2F3115F7-C700-4E7E-852B-A73C54CCC86F}"
EndProject
Global
	GlobalSection(SolutionConfigurationPlatforms) = preSolution
		Debug|Any CPU = Debug|Any CPU
		Release|Any CPU = Release|Any CPU
	EndGlobalSection
	GlobalSection(ProjectConfigurationPlatforms) = postSolution
		{33D0D8D6-030A-4611-B361-1AA78BAD7B78}.Debug|Any CPU.ActiveCfg = Debug|Any CPU
		{33D0D8D6-030A-4611-B361-1AA78BAD7B78}.Debug|Any CPU.Build.0 = Debug|Any CPU
		{33D0D8D6-030A-4611-B361-1AA78BAD7B78}.Release|Any CPU.ActiveCfg = Release|Any CPU
		{33D0D8D6-030A-4611-B361-1AA78BAD7B78}.Release|Any CPU.Build.0 = Release|Any CPU
		{3B7127BA-B432-493C-9CB3-34918CC0DCF7}.Debug|Any CPU.ActiveCfg = Debug|Any CPU
		{3B7127BA-B432-493C-9CB3-34918CC0DCF7}.Debug|Any CPU.Build.0 = Debug|Any CPU
		{3B7127BA-B432-493C-9CB3-34918CC0DCF7}.Release|Any CPU.ActiveCfg = Release|Any CPU
		{3B7127BA-B432-493C-9CB3-34918CC0DCF7}.Release|Any CPU.Build.0 = Release|Any CPU
		{94617349-C3D2-4185-A497-E7F38D8AC25F}.Debug|Any CPU.ActiveCfg = Debug|Any CPU
		{94617349-C3D2-4185-A497-E7F38D8AC25F}.Debug|Any CPU.Build.0 = Debug|Any CPU
		{94617349-C3D2-4185-A497-E7F38D8AC25F}.Release|Any CPU.ActiveCfg = Release|Any CPU
		{94617349-C3D2-4185-A497-E7F38D8AC25F}.Release|Any CPU.Build.0 = Release|Any CPU
		{2F3115F7-C700-4E7E-852B-A73C54CCC86F}.Debug|Any CPU.ActiveCfg = Debug|Any CPU
		{2F3115F7-C700-4E7E-852B-A73C54CCC86F}.Debug|Any CPU.Build.0 = Debug|Any CPU
		{2F3115F7-C700-4E7E-852B-A73C54CCC86F}.Release|Any CPU.ActiveCfg = Release|Any CPU
		{2F3115F7-C700-4E7E-852B-A73C54CCC86F}.Release|Any CPU.Build.0 = Release|Any CPU
	EndGlobalSection
	GlobalSection(SolutionProperties) = preSolution
		HideSolutionNode = FALSE
	EndGlobalSection
	GlobalSection(ExtensibilityGlobals) = postSolution
		SolutionGuid = {FD068D5E-9882-4A86-B912-AD1DB414DA92}
	EndGlobalSection
EndGlobal
